{
    "_meta": {
        "hash": {
            "sha256": "730aa88f30644d80af36fcc3856b229e3d943ed71c3d84db8e9781abb2a11c01"
        },
        "host-environment-markers": {
            "implementation_name": "cpython",
            "implementation_version": "0",
            "os_name": "posix",
            "platform_machine": "x86_64",
            "platform_python_implementation": "CPython",
            "platform_release": "17.7.0",
            "platform_system": "Darwin",
            "platform_version": "Darwin Kernel Version 17.7.0: Wed Oct 10 23:06:14 PDT 2018; root:xnu-4570.71.13~1/RELEASE_X86_64",
            "python_full_version": "2.7.14",
            "python_version": "2.7",
            "sys_platform": "darwin"
        },
        "pipfile-spec": 6,
        "requires": {},
        "sources": [
            {
                "name": "pypi",
                "url": "https://pypi.python.org/simple",
                "verify_ssl": true
            }
        ]
    },
    "default": {},
    "develop": {}
}
